
Microsoft Visual Studio Solution File, Format Version 12.00
# Visual Studio Version 17
VisualStudioVersion = 17.5.33516.290
MinimumVisualStudioVersion = 10.0.40219.1
Project("{8BC9CEB8-8B4A-11D0-8D11-00A0C91BC942}") = "Client", "Client\Client.vcxproj", "{85A581A3-16BC-4803-9A23-1D76BD993941}"
EndProject
Project("{8BC9CEB8-8B4A-11D0-8D11-00A0C91BC942}") = "01_ScreenClear", "01_ScreenClear\01_ScreenClear.vcxproj", "{D4D40037-5267-4DEC-8978-3BE5A7DAD8A5}"
EndProject
Project("{8BC9CEB8-8B4A-11D0-8D11-00A0C91BC942}") = "Crow", "Crow\Crow.vcxproj", "{98447591-5807-4054-8EF5-1A67B375D856}"
EndProject
Project("{8BC9CEB8-8B4A-11D0-8D11-00A0C91BC942}") = "02_RenderTriangle", "02_RenderTriangle\02_RenderTriangle.vcxproj", "{AEA46248-118E-425E-9FEF-EE4058ACCAF3}"
EndProject
Project("{8BC9CEB8-8B4A-11D0-8D11-00A0C91BC942}") = "03_RenderCube", "03_RenderCube\03_RenderCube.vcxproj", "{5E00E5C9-8BB2-4938-812D-D4F6BAC5E8A2}"
EndProject
Project("{8BC9CEB8-8B4A-11D0-8D11-00A0C91BC942}") = "04_TexturedCubeLighting", "04_TexturedCubeLighting\04_TexturedCubeLighting.vcxproj", "{839A0807-142A-406E-B6B0-458B58D9E68E}"
EndProject
Project("{8BC9CEB8-8B4A-11D0-8D11-00A0C91BC942}") = "05_BlinnPhongLighting", "05_BlinnPhongLighting\05_BlinnPhongLighting.vcxproj", "{D332AA23-199E-4AD4-B887-DA21458D72A8}"
EndProject
Project("{8BC9CEB8-8B4A-11D0-8D11-00A0C91BC942}") = "06_NormalMapping", "06_NormalMapping\06_NormalMapping.vcxproj", "{AB841AE9-3DB8-4DAF-93FF-DE381A5637EF}"
EndProject
Project("{8BC9CEB8-8B4A-11D0-8D11-00A0C91BC942}") = "07_FBXStaticMeshLoading", "07_FBXStaticMeshLoading\07_FBXStaticMeshLoading.vcxproj", "{68EBB4FC-923C-4583-AD4F-8542DCA1D34C}"
EndProject
Project("{8BC9CEB8-8B4A-11D0-8D11-00A0C91BC942}") = "Engine", "Engine\Engine.vcxproj", "{6B60A3CE-EA6A-4C91-AB69-6823DD8A69CD}"
EndProject
Project("{8BC9CEB8-8B4A-11D0-8D11-00A0C91BC942}") = "AssimpTool", "AssimpTool\AssimpTool.vcxproj", "{C1D1D4AC-0CB2-44FD-9653-5745F82148E3}"
EndProject
Project("{2150E333-8FDC-42A3-9474-1A3956D46DE8}") = "Tools", "Tools", "{47281029-DB77-48C4-BBF9-7407822D2066}"
EndProject
Global
	GlobalSection(SolutionConfigurationPlatforms) = preSolution
		Debug|x64 = Debug|x64
		Release|x64 = Release|x64
	EndGlobalSection
	GlobalSection(ProjectConfigurationPlatforms) = postSolution
		{85A581A3-16BC-4803-9A23-1D76BD993941}.Debug|x64.ActiveCfg = Debug|x64
		{85A581A3-16BC-4803-9A23-1D76BD993941}.Debug|x64.Build.0 = Debug|x64
		{85A581A3-16BC-4803-9A23-1D76BD993941}.Release|x64.ActiveCfg = Release|x64
		{85A581A3-16BC-4803-9A23-1D76BD993941}.Release|x64.Build.0 = Release|x64
		{D4D40037-5267-4DEC-8978-3BE5A7DAD8A5}.Debug|x64.ActiveCfg = Debug|x64
		{D4D40037-5267-4DEC-8978-3BE5A7DAD8A5}.Debug|x64.Build.0 = Debug|x64
		{D4D40037-5267-4DEC-8978-3BE5A7DAD8A5}.Release|x64.ActiveCfg = Release|x64
		{D4D40037-5267-4DEC-8978-3BE5A7DAD8A5}.Release|x64.Build.0 = Release|x64
		{98447591-5807-4054-8EF5-1A67B375D856}.Debug|x64.ActiveCfg = Debug|x64
		{98447591-5807-4054-8EF5-1A67B375D856}.Debug|x64.Build.0 = Debug|x64
		{98447591-5807-4054-8EF5-1A67B375D856}.Release|x64.ActiveCfg = Release|x64
		{98447591-5807-4054-8EF5-1A67B375D856}.Release|x64.Build.0 = Release|x64
		{AEA46248-118E-425E-9FEF-EE4058ACCAF3}.Debug|x64.ActiveCfg = Debug|x64
		{AEA46248-118E-425E-9FEF-EE4058ACCAF3}.Debug|x64.Build.0 = Debug|x64
		{AEA46248-118E-425E-9FEF-EE4058ACCAF3}.Release|x64.ActiveCfg = Release|x64
		{AEA46248-118E-425E-9FEF-EE4058ACCAF3}.Release|x64.Build.0 = Release|x64
		{5E00E5C9-8BB2-4938-812D-D4F6BAC5E8A2}.Debug|x64.ActiveCfg = Debug|x64
		{5E00E5C9-8BB2-4938-812D-D4F6BAC5E8A2}.Debug|x64.Build.0 = Debug|x64
		{5E00E5C9-8BB2-4938-812D-D4F6BAC5E8A2}.Release|x64.ActiveCfg = Release|x64
		{5E00E5C9-8BB2-4938-812D-D4F6BAC5E8A2}.Release|x64.Build.0 = Release|x64
		{839A0807-142A-406E-B6B0-458B58D9E68E}.Debug|x64.ActiveCfg = Debug|x64
		{839A0807-142A-406E-B6B0-458B58D9E68E}.Debug|x64.Build.0 = Debug|x64
		{839A0807-142A-406E-B6B0-458B58D9E68E}.Release|x64.ActiveCfg = Release|x64
		{839A0807-142A-406E-B6B0-458B58D9E68E}.Release|x64.Build.0 = Release|x64
		{D332AA23-199E-4AD4-B887-DA21458D72A8}.Debug|x64.ActiveCfg = Debug|x64
		{D332AA23-199E-4AD4-B887-DA21458D72A8}.Debug|x64.Build.0 = Debug|x64
		{D332AA23-199E-4AD4-B887-DA21458D72A8}.Release|x64.ActiveCfg = Release|x64
		{D332AA23-199E-4AD4-B887-DA21458D72A8}.Release|x64.Build.0 = Release|x64
		{AB841AE9-3DB8-4DAF-93FF-DE381A5637EF}.Debug|x64.ActiveCfg = Debug|x64
		{AB841AE9-3DB8-4DAF-93FF-DE381A5637EF}.Debug|x64.Build.0 = Debug|x64
		{AB841AE9-3DB8-4DAF-93FF-DE381A5637EF}.Release|x64.ActiveCfg = Release|x64
		{AB841AE9-3DB8-4DAF-93FF-DE381A5637EF}.Release|x64.Build.0 = Release|x64
		{68EBB4FC-923C-4583-AD4F-8542DCA1D34C}.Debug|x64.ActiveCfg = Debug|x64
		{68EBB4FC-923C-4583-AD4F-8542DCA1D34C}.Debug|x64.Build.0 = Debug|x64
		{68EBB4FC-923C-4583-AD4F-8542DCA1D34C}.Release|x64.ActiveCfg = Release|x64
		{68EBB4FC-923C-4583-AD4F-8542DCA1D34C}.Release|x64.Build.0 = Release|x64
		{6B60A3CE-EA6A-4C91-AB69-6823DD8A69CD}.Debug|x64.ActiveCfg = Debug|x64
		{6B60A3CE-EA6A-4C91-AB69-6823DD8A69CD}.Debug|x64.Build.0 = Debug|x64
		{6B60A3CE-EA6A-4C91-AB69-6823DD8A69CD}.Release|x64.ActiveCfg = Release|x64
		{6B60A3CE-EA6A-4C91-AB69-6823DD8A69CD}.Release|x64.Build.0 = Release|x64
		{C1D1D4AC-0CB2-44FD-9653-5745F82148E3}.Debug|x64.ActiveCfg = Debug|x64
		{C1D1D4AC-0CB2-44FD-9653-5745F82148E3}.Debug|x64.Build.0 = Debug|x64
		{C1D1D4AC-0CB2-44FD-9653-5745F82148E3}.Release|x64.ActiveCfg = Release|x64
		{C1D1D4AC-0CB2-44FD-9653-5745F82148E3}.Release|x64.Build.0 = Release|x64
	EndGlobalSection
	GlobalSection(SolutionProperties) = preSolution
		HideSolutionNode = FALSE
	EndGlobalSection
	GlobalSection(NestedProjects) = preSolution
		{C1D1D4AC-0CB2-44FD-9653-5745F82148E3} = {47281029-DB77-48C4-BBF9-7407822D2066}
	EndGlobalSection
	GlobalSection(ExtensibilityGlobals) = postSolution
		SolutionGuid = {5103C42F-6C3F-4989-8DEE-F3E5BA25B556}
	EndGlobalSection
EndGlobal
