
Microsoft Visual Studio Solution File, Format Version 12.00
# Visual Studio Version 17
VisualStudioVersion = 17.5.33516.290
MinimumVisualStudioVersion = 10.0.40219.1
Project("{8BC9CEB8-8B4A-11D0-8D11-00A0C91BC942}") = "01_ScreenClear", "01_ScreenClear\01_ScreenClear.vcxproj", "{D4D40037-5267-4DEC-8978-3BE5A7DAD8A5}"
EndProject
Project("{8BC9CEB8-8B4A-11D0-8D11-00A0C91BC942}") = "Crow", "Crow\Crow.vcxproj", "{98447591-5807-4054-8EF5-1A67B375D856}"
EndProject
Project("{8BC9CEB8-8B4A-11D0-8D11-00A0C91BC942}") = "02_RenderTriangle", "02_RenderTriangle\02_RenderTriangle.vcxproj", "{AEA46248-118E-425E-9FEF-EE4058ACCAF3}"
EndProject
Project("{8BC9CEB8-8B4A-11D0-8D11-00A0C91BC942}") = "03_RenderCube", "03_RenderCube\03_RenderCube.vcxproj", "{5E00E5C9-8BB2-4938-812D-D4F6BAC5E8A2}"
EndProject
Project("{8BC9CEB8-8B4A-11D0-8D11-00A0C91BC942}") = "04_TexturedCubeLighting", "04_TexturedCubeLighting\04_TexturedCubeLighting.vcxproj", "{839A0807-142A-406E-B6B0-458B58D9E68E}"
EndProject
Project("{8BC9CEB8-8B4A-11D0-8D11-00A0C91BC942}") = "05_BlinnPhongLighting", "05_BlinnPhongLighting\05_BlinnPhongLighting.vcxproj", "{D332AA23-199E-4AD4-B887-DA21458D72A8}"
EndProject
Project("{8BC9CEB8-8B4A-11D0-8D11-00A0C91BC942}") = "06_NormalMapping", "06_NormalMapping\06_NormalMapping.vcxproj", "{AB841AE9-3DB8-4DAF-93FF-DE381A5637EF}"
EndProject
Project("{8BC9CEB8-8B4A-11D0-8D11-00A0C91BC942}") = "07_FBXStaticMeshLoading", "07_FBXStaticMeshLoading\07_FBXStaticMeshLoading.vcxproj", "{68EBB4FC-923C-4583-AD4F-8542DCA1D34C}"
EndProject
Project("{8BC9CEB8-8B4A-11D0-8D11-00A0C91BC942}") = "08_FBXMeshAnimation", "08_FBXMeshAnimation\08_FBXMeshAnimation.vcxproj", "{EB243257-9EED-448D-94B9-962848643FFB}"
EndProject
Project("{8BC9CEB8-8B4A-11D0-8D11-00A0C91BC942}") = "09_FBXSkeletalAnimation", "09_FBXSkeletalAnimation\09_FBXSkeletalAnimation.vcxproj", "{1D388608-4AF4-42CF-B304-121C0C850E88}"
EndProject
Project("{8BC9CEB8-8B4A-11D0-8D11-00A0C91BC942}") = "10_PBR_BRDF", "10_PBR_BRDF\10_PBR_BRDF.vcxproj", "{3A9EF3F1-57BF-4F0F-9043-62D6AF678CC1}"
EndProject
Project("{2150E333-8FDC-42A3-9474-1A3956D46DE8}") = "D3D11DemoProjects", "D3D11DemoProjects", "{E00174AC-1E56-4BDA-B636-E9151CCD5683}"
EndProject
Project("{8BC9CEB8-8B4A-11D0-8D11-00A0C91BC942}") = "Engine", "Engine\Engine.vcxproj", "{7B214662-29C8-4974-914A-1964EE30E833}"
EndProject
Project("{8BC9CEB8-8B4A-11D0-8D11-00A0C91BC942}") = "Client", "Client\Client.vcxproj", "{3878295D-5A39-4DCF-8594-E7BC126A6CD4}"
EndProject
Project("{8BC9CEB8-8B4A-11D0-8D11-00A0C91BC942}") = "11_ResourceManager", "11_ResourceManager\11_ResourceManager.vcxproj", "{C626DC8F-80E7-4ED5-83CC-DF5C2FD66AE8}"
EndProject
Global
	GlobalSection(SolutionConfigurationPlatforms) = preSolution
		Debug|x64 = Debug|x64
		Debug|x86 = Debug|x86
		Release|x64 = Release|x64
		Release|x86 = Release|x86
	EndGlobalSection
	GlobalSection(ProjectConfigurationPlatforms) = postSolution
		{D4D40037-5267-4DEC-8978-3BE5A7DAD8A5}.Debug|x64.ActiveCfg = Debug|x64
		{D4D40037-5267-4DEC-8978-3BE5A7DAD8A5}.Debug|x64.Build.0 = Debug|x64
		{D4D40037-5267-4DEC-8978-3BE5A7DAD8A5}.Debug|x86.ActiveCfg = Debug|Win32
		{D4D40037-5267-4DEC-8978-3BE5A7DAD8A5}.Debug|x86.Build.0 = Debug|Win32
		{D4D40037-5267-4DEC-8978-3BE5A7DAD8A5}.Release|x64.ActiveCfg = Release|x64
		{D4D40037-5267-4DEC-8978-3BE5A7DAD8A5}.Release|x64.Build.0 = Release|x64
		{D4D40037-5267-4DEC-8978-3BE5A7DAD8A5}.Release|x86.ActiveCfg = Release|Win32
		{D4D40037-5267-4DEC-8978-3BE5A7DAD8A5}.Release|x86.Build.0 = Release|Win32
		{98447591-5807-4054-8EF5-1A67B375D856}.Debug|x64.ActiveCfg = Debug|x64
		{98447591-5807-4054-8EF5-1A67B375D856}.Debug|x64.Build.0 = Debug|x64
		{98447591-5807-4054-8EF5-1A67B375D856}.Debug|x86.ActiveCfg = Debug|Win32
		{98447591-5807-4054-8EF5-1A67B375D856}.Debug|x86.Build.0 = Debug|Win32
		{98447591-5807-4054-8EF5-1A67B375D856}.Release|x64.ActiveCfg = Release|x64
		{98447591-5807-4054-8EF5-1A67B375D856}.Release|x64.Build.0 = Release|x64
		{98447591-5807-4054-8EF5-1A67B375D856}.Release|x86.ActiveCfg = Release|Win32
		{98447591-5807-4054-8EF5-1A67B375D856}.Release|x86.Build.0 = Release|Win32
		{AEA46248-118E-425E-9FEF-EE4058ACCAF3}.Debug|x64.ActiveCfg = Debug|x64
		{AEA46248-118E-425E-9FEF-EE4058ACCAF3}.Debug|x64.Build.0 = Debug|x64
		{AEA46248-118E-425E-9FEF-EE4058ACCAF3}.Debug|x86.ActiveCfg = Debug|Win32
		{AEA46248-118E-425E-9FEF-EE4058ACCAF3}.Debug|x86.Build.0 = Debug|Win32
		{AEA46248-118E-425E-9FEF-EE4058ACCAF3}.Release|x64.ActiveCfg = Release|x64
		{AEA46248-118E-425E-9FEF-EE4058ACCAF3}.Release|x64.Build.0 = Release|x64
		{AEA46248-118E-425E-9FEF-EE4058ACCAF3}.Release|x86.ActiveCfg = Release|Win32
		{AEA46248-118E-425E-9FEF-EE4058ACCAF3}.Release|x86.Build.0 = Release|Win32
		{5E00E5C9-8BB2-4938-812D-D4F6BAC5E8A2}.Debug|x64.ActiveCfg = Debug|x64
		{5E00E5C9-8BB2-4938-812D-D4F6BAC5E8A2}.Debug|x64.Build.0 = Debug|x64
		{5E00E5C9-8BB2-4938-812D-D4F6BAC5E8A2}.Debug|x86.ActiveCfg = Debug|Win32
		{5E00E5C9-8BB2-4938-812D-D4F6BAC5E8A2}.Debug|x86.Build.0 = Debug|Win32
		{5E00E5C9-8BB2-4938-812D-D4F6BAC5E8A2}.Release|x64.ActiveCfg = Release|x64
		{5E00E5C9-8BB2-4938-812D-D4F6BAC5E8A2}.Release|x64.Build.0 = Release|x64
		{5E00E5C9-8BB2-4938-812D-D4F6BAC5E8A2}.Release|x86.ActiveCfg = Release|Win32
		{5E00E5C9-8BB2-4938-812D-D4F6BAC5E8A2}.Release|x86.Build.0 = Release|Win32
		{839A0807-142A-406E-B6B0-458B58D9E68E}.Debug|x64.ActiveCfg = Debug|x64
		{839A0807-142A-406E-B6B0-458B58D9E68E}.Debug|x64.Build.0 = Debug|x64
		{839A0807-142A-406E-B6B0-458B58D9E68E}.Debug|x86.ActiveCfg = Debug|Win32
		{839A0807-142A-406E-B6B0-458B58D9E68E}.Debug|x86.Build.0 = Debug|Win32
		{839A0807-142A-406E-B6B0-458B58D9E68E}.Release|x64.ActiveCfg = Release|x64
		{839A0807-142A-406E-B6B0-458B58D9E68E}.Release|x64.Build.0 = Release|x64
		{839A0807-142A-406E-B6B0-458B58D9E68E}.Release|x86.ActiveCfg = Release|Win32
		{839A0807-142A-406E-B6B0-458B58D9E68E}.Release|x86.Build.0 = Release|Win32
		{D332AA23-199E-4AD4-B887-DA21458D72A8}.Debug|x64.ActiveCfg = Debug|x64
		{D332AA23-199E-4AD4-B887-DA21458D72A8}.Debug|x64.Build.0 = Debug|x64
		{D332AA23-199E-4AD4-B887-DA21458D72A8}.Debug|x86.ActiveCfg = Debug|Win32
		{D332AA23-199E-4AD4-B887-DA21458D72A8}.Debug|x86.Build.0 = Debug|Win32
		{D332AA23-199E-4AD4-B887-DA21458D72A8}.Release|x64.ActiveCfg = Release|x64
		{D332AA23-199E-4AD4-B887-DA21458D72A8}.Release|x64.Build.0 = Release|x64
		{D332AA23-199E-4AD4-B887-DA21458D72A8}.Release|x86.ActiveCfg = Release|Win32
		{D332AA23-199E-4AD4-B887-DA21458D72A8}.Release|x86.Build.0 = Release|Win32
		{AB841AE9-3DB8-4DAF-93FF-DE381A5637EF}.Debug|x64.ActiveCfg = Debug|x64
		{AB841AE9-3DB8-4DAF-93FF-DE381A5637EF}.Debug|x64.Build.0 = Debug|x64
		{AB841AE9-3DB8-4DAF-93FF-DE381A5637EF}.Debug|x86.ActiveCfg = Debug|Win32
		{AB841AE9-3DB8-4DAF-93FF-DE381A5637EF}.Debug|x86.Build.0 = Debug|Win32
		{AB841AE9-3DB8-4DAF-93FF-DE381A5637EF}.Release|x64.ActiveCfg = Release|x64
		{AB841AE9-3DB8-4DAF-93FF-DE381A5637EF}.Release|x64.Build.0 = Release|x64
		{AB841AE9-3DB8-4DAF-93FF-DE381A5637EF}.Release|x86.ActiveCfg = Release|Win32
		{AB841AE9-3DB8-4DAF-93FF-DE381A5637EF}.Release|x86.Build.0 = Release|Win32
		{68EBB4FC-923C-4583-AD4F-8542DCA1D34C}.Debug|x64.ActiveCfg = Debug|x64
		{68EBB4FC-923C-4583-AD4F-8542DCA1D34C}.Debug|x64.Build.0 = Debug|x64
		{68EBB4FC-923C-4583-AD4F-8542DCA1D34C}.Debug|x86.ActiveCfg = Debug|Win32
		{68EBB4FC-923C-4583-AD4F-8542DCA1D34C}.Debug|x86.Build.0 = Debug|Win32
		{68EBB4FC-923C-4583-AD4F-8542DCA1D34C}.Release|x64.ActiveCfg = Release|x64
		{68EBB4FC-923C-4583-AD4F-8542DCA1D34C}.Release|x64.Build.0 = Release|x64
		{68EBB4FC-923C-4583-AD4F-8542DCA1D34C}.Release|x86.ActiveCfg = Release|Win32
		{68EBB4FC-923C-4583-AD4F-8542DCA1D34C}.Release|x86.Build.0 = Release|Win32
		{EB243257-9EED-448D-94B9-962848643FFB}.Debug|x64.ActiveCfg = Debug|x64
		{EB243257-9EED-448D-94B9-962848643FFB}.Debug|x64.Build.0 = Debug|x64
		{EB243257-9EED-448D-94B9-962848643FFB}.Debug|x86.ActiveCfg = Debug|Win32
		{EB243257-9EED-448D-94B9-962848643FFB}.Debug|x86.Build.0 = Debug|Win32
		{EB243257-9EED-448D-94B9-962848643FFB}.Release|x64.ActiveCfg = Release|x64
		{EB243257-9EED-448D-94B9-962848643FFB}.Release|x64.Build.0 = Release|x64
		{EB243257-9EED-448D-94B9-962848643FFB}.Release|x86.ActiveCfg = Release|Win32
		{EB243257-9EED-448D-94B9-962848643FFB}.Release|x86.Build.0 = Release|Win32
		{1D388608-4AF4-42CF-B304-121C0C850E88}.Debug|x64.ActiveCfg = Debug|x64
		{1D388608-4AF4-42CF-B304-121C0C850E88}.Debug|x64.Build.0 = Debug|x64
		{1D388608-4AF4-42CF-B304-121C0C850E88}.Debug|x86.ActiveCfg = Debug|Win32
		{1D388608-4AF4-42CF-B304-121C0C850E88}.Debug|x86.Build.0 = Debug|Win32
		{1D388608-4AF4-42CF-B304-121C0C850E88}.Release|x64.ActiveCfg = Release|x64
		{1D388608-4AF4-42CF-B304-121C0C850E88}.Release|x64.Build.0 = Release|x64
		{1D388608-4AF4-42CF-B304-121C0C850E88}.Release|x86.ActiveCfg = Release|Win32
		{1D388608-4AF4-42CF-B304-121C0C850E88}.Release|x86.Build.0 = Release|Win32
		{3A9EF3F1-57BF-4F0F-9043-62D6AF678CC1}.Debug|x64.ActiveCfg = Debug|x64
		{3A9EF3F1-57BF-4F0F-9043-62D6AF678CC1}.Debug|x64.Build.0 = Debug|x64
		{3A9EF3F1-57BF-4F0F-9043-62D6AF678CC1}.Debug|x86.ActiveCfg = Debug|Win32
		{3A9EF3F1-57BF-4F0F-9043-62D6AF678CC1}.Debug|x86.Build.0 = Debug|Win32
		{3A9EF3F1-57BF-4F0F-9043-62D6AF678CC1}.Release|x64.ActiveCfg = Release|x64
		{3A9EF3F1-57BF-4F0F-9043-62D6AF678CC1}.Release|x64.Build.0 = Release|x64
		{3A9EF3F1-57BF-4F0F-9043-62D6AF678CC1}.Release|x86.ActiveCfg = Release|Win32
		{3A9EF3F1-57BF-4F0F-9043-62D6AF678CC1}.Release|x86.Build.0 = Release|Win32
		{7B214662-29C8-4974-914A-1964EE30E833}.Debug|x64.ActiveCfg = Debug|x64
		{7B214662-29C8-4974-914A-1964EE30E833}.Debug|x64.Build.0 = Debug|x64
		{7B214662-29C8-4974-914A-1964EE30E833}.Debug|x86.ActiveCfg = Debug|Win32
		{7B214662-29C8-4974-914A-1964EE30E833}.Debug|x86.Build.0 = Debug|Win32
		{7B214662-29C8-4974-914A-1964EE30E833}.Release|x64.ActiveCfg = Release|x64
		{7B214662-29C8-4974-914A-1964EE30E833}.Release|x64.Build.0 = Release|x64
		{7B214662-29C8-4974-914A-1964EE30E833}.Release|x86.ActiveCfg = Release|Win32
		{7B214662-29C8-4974-914A-1964EE30E833}.Release|x86.Build.0 = Release|Win32
		{3878295D-5A39-4DCF-8594-E7BC126A6CD4}.Debug|x64.ActiveCfg = Debug|x64
		{3878295D-5A39-4DCF-8594-E7BC126A6CD4}.Debug|x64.Build.0 = Debug|x64
		{3878295D-5A39-4DCF-8594-E7BC126A6CD4}.Debug|x86.ActiveCfg = Debug|Win32
		{3878295D-5A39-4DCF-8594-E7BC126A6CD4}.Debug|x86.Build.0 = Debug|Win32
		{3878295D-5A39-4DCF-8594-E7BC126A6CD4}.Release|x64.ActiveCfg = Release|x64
		{3878295D-5A39-4DCF-8594-E7BC126A6CD4}.Release|x64.Build.0 = Release|x64
		{3878295D-5A39-4DCF-8594-E7BC126A6CD4}.Release|x86.ActiveCfg = Release|Win32
		{3878295D-5A39-4DCF-8594-E7BC126A6CD4}.Release|x86.Build.0 = Release|Win32
		{C626DC8F-80E7-4ED5-83CC-DF5C2FD66AE8}.Debug|x64.ActiveCfg = Debug|x64
		{C626DC8F-80E7-4ED5-83CC-DF5C2FD66AE8}.Debug|x64.Build.0 = Debug|x64
		{C626DC8F-80E7-4ED5-83CC-DF5C2FD66AE8}.Debug|x86.ActiveCfg = Debug|Win32
		{C626DC8F-80E7-4ED5-83CC-DF5C2FD66AE8}.Debug|x86.Build.0 = Debug|Win32
		{C626DC8F-80E7-4ED5-83CC-DF5C2FD66AE8}.Release|x64.ActiveCfg = Release|x64
		{C626DC8F-80E7-4ED5-83CC-DF5C2FD66AE8}.Release|x64.Build.0 = Release|x64
		{C626DC8F-80E7-4ED5-83CC-DF5C2FD66AE8}.Release|x86.ActiveCfg = Release|Win32
		{C626DC8F-80E7-4ED5-83CC-DF5C2FD66AE8}.Release|x86.Build.0 = Release|Win32
	EndGlobalSection
	GlobalSection(SolutionProperties) = preSolution
		HideSolutionNode = FALSE
	EndGlobalSection
	GlobalSection(NestedProjects) = preSolution
		{D4D40037-5267-4DEC-8978-3BE5A7DAD8A5} = {E00174AC-1E56-4BDA-B636-E9151CCD5683}
		{98447591-5807-4054-8EF5-1A67B375D856} = {E00174AC-1E56-4BDA-B636-E9151CCD5683}
		{AEA46248-118E-425E-9FEF-EE4058ACCAF3} = {E00174AC-1E56-4BDA-B636-E9151CCD5683}
		{5E00E5C9-8BB2-4938-812D-D4F6BAC5E8A2} = {E00174AC-1E56-4BDA-B636-E9151CCD5683}
		{839A0807-142A-406E-B6B0-458B58D9E68E} = {E00174AC-1E56-4BDA-B636-E9151CCD5683}
		{D332AA23-199E-4AD4-B887-DA21458D72A8} = {E00174AC-1E56-4BDA-B636-E9151CCD5683}
		{AB841AE9-3DB8-4DAF-93FF-DE381A5637EF} = {E00174AC-1E56-4BDA-B636-E9151CCD5683}
		{68EBB4FC-923C-4583-AD4F-8542DCA1D34C} = {E00174AC-1E56-4BDA-B636-E9151CCD5683}
		{EB243257-9EED-448D-94B9-962848643FFB} = {E00174AC-1E56-4BDA-B636-E9151CCD5683}
		{1D388608-4AF4-42CF-B304-121C0C850E88} = {E00174AC-1E56-4BDA-B636-E9151CCD5683}
		{3A9EF3F1-57BF-4F0F-9043-62D6AF678CC1} = {E00174AC-1E56-4BDA-B636-E9151CCD5683}
		{C626DC8F-80E7-4ED5-83CC-DF5C2FD66AE8} = {E00174AC-1E56-4BDA-B636-E9151CCD5683}
	EndGlobalSection
	GlobalSection(ExtensibilityGlobals) = postSolution
		SolutionGuid = {5103C42F-6C3F-4989-8DEE-F3E5BA25B556}
	EndGlobalSection
EndGlobal
