<?xml version="1.0" encoding="utf-8"?>
<Project ToolsVersion="4.0" xmlns="http://schemas.microsoft.com/developer/msbuild/2003">
  <ItemGroup>
    <Filter Include="Shaders">
      <UniqueIdentifier>{0915fc11-915c-4d22-9940-7f04cba2b45f}</UniqueIdentifier>
    </Filter>
    <Filter Include="Main">
      <UniqueIdentifier>{3eaaa037-3cbd-48a9-9035-8582cadb6b23}</UniqueIdentifier>
    </Filter>
    <Filter Include="Manager">
      <UniqueIdentifier>{c28874d1-1913-4e2c-a4b0-9ea45137e59c}</UniqueIdentifier>
    </Filter>
    <Filter Include="Resources">
      <UniqueIdentifier>{dfc63ce6-c66c-4b1d-99b0-3023e3194552}</UniqueIdentifier>
    </Filter>
    <Filter Include="Model">
      <UniqueIdentifier>{72d3727f-7a64-4b22-9b8b-8e8814958a1c}</UniqueIdentifier>
    </Filter>
  </ItemGroup>
  <ItemGroup>
    <ClCompile Include="ResourceManagerDemo.cpp">
      <Filter>Main</Filter>
    </ClCompile>
    <ClCompile Include="WinMain.cpp">
      <Filter>Main</Filter>
    </ClCompile>
    <ClCompile Include="ModelLoader.cpp">
      <Filter>Manager</Filter>
    </ClCompile>
    <ClCompile Include="Animation.cpp">
      <Filter>Resources</Filter>
    </ClCompile>
    <ClCompile Include="Material.cpp">
      <Filter>Resources</Filter>
    </ClCompile>
    <ClCompile Include="NodeAnimation.cpp">
      <Filter>Model</Filter>
    </ClCompile>
    <ClCompile Include="Node.cpp">
      <Filter>Model</Filter>
    </ClCompile>
    <ClCompile Include="Model.cpp">
      <Filter>Model</Filter>
    </ClCompile>
    <ClCompile Include="Mesh.cpp">
      <Filter>Model</Filter>
    </ClCompile>
    <ClCompile Include="Bone.cpp">
      <Filter>Model</Filter>
    </ClCompile>
    <ClCompile Include="SkeletalMesh.cpp">
      <Filter>Resources</Filter>
    </ClCompile>
    <ClCompile Include="StaticMesh.cpp">
      <Filter>Resources</Filter>
    </ClCompile>
    <ClCompile Include="ResourceManager.cpp">
      <Filter>Manager</Filter>
    </ClCompile>
  </ItemGroup>
  <ItemGroup>
    <ClInclude Include="ResourceManagerDemo.h">
      <Filter>Main</Filter>
    </ClInclude>
    <ClInclude Include="ModelLoader.h">
      <Filter>Manager</Filter>
    </ClInclude>
    <ClInclude Include="Animation.h">
      <Filter>Resources</Filter>
    </ClInclude>
    <ClInclude Include="Material.h">
      <Filter>Resources</Filter>
    </ClInclude>
    <ClInclude Include="Bone.h">
      <Filter>Model</Filter>
    </ClInclude>
    <ClInclude Include="Mesh.h">
      <Filter>Model</Filter>
    </ClInclude>
    <ClInclude Include="Model.h">
      <Filter>Model</Filter>
    </ClInclude>
    <ClInclude Include="Node.h">
      <Filter>Model</Filter>
    </ClInclude>
    <ClInclude Include="NodeAnimation.h">
      <Filter>Model</Filter>
    </ClInclude>
    <ClInclude Include="Struct.h">
      <Filter>Main</Filter>
    </ClInclude>
    <ClInclude Include="SkeletalMesh.h">
      <Filter>Resources</Filter>
    </ClInclude>
    <ClInclude Include="StaticMesh.h">
      <Filter>Resources</Filter>
    </ClInclude>
    <ClInclude Include="ResourceManager.h">
      <Filter>Manager</Filter>
    </ClInclude>
  </ItemGroup>
  <ItemGroup>
    <FxCompile Include="PixelShader.hlsl">
      <Filter>Shaders</Filter>
    </FxCompile>
    <FxCompile Include="VertexShader.hlsl">
      <Filter>Shaders</Filter>
    </FxCompile>
  </ItemGroup>
  <ItemGroup>
    <None Include="Shared.hlsli">
      <Filter>Shaders</Filter>
    </None>
  </ItemGroup>
</Project>