<?xml version="1.0" encoding="utf-8"?>
<Project ToolsVersion="4.0" xmlns="http://schemas.microsoft.com/developer/msbuild/2003">
  <ItemGroup>
    <Filter Include="소스 파일">
      <UniqueIdentifier>{4FC737F1-C7A5-4376-A066-2A32D752A2FF}</UniqueIdentifier>
      <Extensions>cpp;c;cc;cxx;c++;cppm;ixx;def;odl;idl;hpj;bat;asm;asmx</Extensions>
    </Filter>
    <Filter Include="소스 파일\Core">
      <UniqueIdentifier>{95e0219f-c043-4bc2-8678-a0bcb6067d93}</UniqueIdentifier>
    </Filter>
    <Filter Include="소스 파일\Helper">
      <UniqueIdentifier>{f61ade86-f831-4456-a2aa-ca039acc281f}</UniqueIdentifier>
    </Filter>
    <Filter Include="소스 파일\Shaders">
      <UniqueIdentifier>{7e7f86cc-6728-47cb-b3e4-93a12069204b}</UniqueIdentifier>
    </Filter>
  </ItemGroup>
  <ItemGroup>
    <ClInclude Include="pch.h">
      <Filter>소스 파일</Filter>
    </ClInclude>
    <ClInclude Include="GameProcessor.h">
      <Filter>소스 파일\Core</Filter>
    </ClInclude>
    <ClInclude Include="TimeSystem.h">
      <Filter>소스 파일\Core</Filter>
    </ClInclude>
    <ClInclude Include="WinApp.h">
      <Filter>소스 파일\Core</Filter>
    </ClInclude>
    <ClInclude Include="Helper.h">
      <Filter>소스 파일\Helper</Filter>
    </ClInclude>
    <ClInclude Include="Structs.h">
      <Filter>소스 파일\Helper</Filter>
    </ClInclude>
    <ClInclude Include="Types.h">
      <Filter>소스 파일\Helper</Filter>
    </ClInclude>
    <ClInclude Include="Values.h">
      <Filter>소스 파일\Helper</Filter>
    </ClInclude>
    <ClInclude Include="TimeManager.h">
      <Filter>소스 파일\Core</Filter>
    </ClInclude>
    <ClInclude Include="Define.h">
      <Filter>소스 파일\Helper</Filter>
    </ClInclude>
  </ItemGroup>
  <ItemGroup>
    <ClCompile Include="pch.cpp">
      <Filter>소스 파일</Filter>
    </ClCompile>
    <ClCompile Include="Crow.cpp">
      <Filter>소스 파일\Core</Filter>
    </ClCompile>
    <ClCompile Include="GameProcessor.cpp">
      <Filter>소스 파일\Core</Filter>
    </ClCompile>
    <ClCompile Include="TimeSystem.cpp">
      <Filter>소스 파일\Core</Filter>
    </ClCompile>
    <ClCompile Include="WinApp.cpp">
      <Filter>소스 파일\Core</Filter>
    </ClCompile>
    <ClCompile Include="Helper.cpp">
      <Filter>소스 파일\Helper</Filter>
    </ClCompile>
    <ClCompile Include="TimeManager.cpp">
      <Filter>소스 파일\Core</Filter>
    </ClCompile>
  </ItemGroup>
  <ItemGroup>
    <FxCompile Include="VertexShader.hlsl">
      <Filter>소스 파일\Shaders</Filter>
    </FxCompile>
    <FxCompile Include="PixelShader.hlsl">
      <Filter>소스 파일\Shaders</Filter>
    </FxCompile>
  </ItemGroup>
  <ItemGroup>
    <None Include="Shared.fxh">
      <Filter>소스 파일\Shaders</Filter>
    </None>
  </ItemGroup>
</Project>