<?xml version="1.0" encoding="utf-8"?>
<Project ToolsVersion="4.0" xmlns="http://schemas.microsoft.com/developer/msbuild/2003">
  <ItemGroup>
    <Filter Include="Model">
      <UniqueIdentifier>{d0acd0fa-46d6-4b35-8e7b-3850c8484a60}</UniqueIdentifier>
    </Filter>
    <Filter Include="Main">
      <UniqueIdentifier>{b2492c6d-322b-47a0-a0b9-ac09f15602f9}</UniqueIdentifier>
    </Filter>
    <Filter Include="Model\Material">
      <UniqueIdentifier>{d5f88b93-ad6c-4bbd-9fc8-884b2985dae6}</UniqueIdentifier>
    </Filter>
    <Filter Include="Model\Mesh">
      <UniqueIdentifier>{03a54a93-a449-4f04-8594-24abc6ea6a05}</UniqueIdentifier>
    </Filter>
    <Filter Include="Shaders">
      <UniqueIdentifier>{b06238e2-75f5-4e70-8b6c-70bcc3d9f2ca}</UniqueIdentifier>
    </Filter>
    <Filter Include="Model\Node">
      <UniqueIdentifier>{95227008-71b2-4388-ae76-74ea9c62875e}</UniqueIdentifier>
    </Filter>
    <Filter Include="Model\Animation">
      <UniqueIdentifier>{2b321007-00a0-4088-8bd9-f08a4bea101e}</UniqueIdentifier>
    </Filter>
  </ItemGroup>
  <ItemGroup>
    <ClCompile Include="Model.cpp">
      <Filter>Model</Filter>
    </ClCompile>
    <ClCompile Include="FBXTransformAnimation.cpp">
      <Filter>Main</Filter>
    </ClCompile>
    <ClCompile Include="WinMain.cpp">
      <Filter>Main</Filter>
    </ClCompile>
    <ClCompile Include="Material.cpp">
      <Filter>Model\Material</Filter>
    </ClCompile>
    <ClCompile Include="Mesh.cpp">
      <Filter>Model\Mesh</Filter>
    </ClCompile>
    <ClCompile Include="Node.cpp">
      <Filter>Model\Node</Filter>
    </ClCompile>
    <ClCompile Include="Animation.cpp">
      <Filter>Model\Animation</Filter>
    </ClCompile>
    <ClCompile Include="NodeAnimation.cpp">
      <Filter>Model\Animation</Filter>
    </ClCompile>
    <ClCompile Include="ModelLoader.cpp">
      <Filter>Model</Filter>
    </ClCompile>
  </ItemGroup>
  <ItemGroup>
    <ClInclude Include="Model.h">
      <Filter>Model</Filter>
    </ClInclude>
    <ClInclude Include="FBXTransformAnimation.h">
      <Filter>Main</Filter>
    </ClInclude>
    <ClInclude Include="Material.h">
      <Filter>Model\Material</Filter>
    </ClInclude>
    <ClInclude Include="Mesh.h">
      <Filter>Model\Mesh</Filter>
    </ClInclude>
    <ClInclude Include="Node.h">
      <Filter>Model\Node</Filter>
    </ClInclude>
    <ClInclude Include="Animation.h">
      <Filter>Model\Animation</Filter>
    </ClInclude>
    <ClInclude Include="Struct.h" />
    <ClInclude Include="NodeAnimation.h">
      <Filter>Model\Animation</Filter>
    </ClInclude>
    <ClInclude Include="ModelLoader.h">
      <Filter>Model</Filter>
    </ClInclude>
  </ItemGroup>
  <ItemGroup>
    <FxCompile Include="PixelShader.hlsl">
      <Filter>Shaders</Filter>
    </FxCompile>
    <FxCompile Include="VertexShader.hlsl">
      <Filter>Shaders</Filter>
    </FxCompile>
  </ItemGroup>
  <ItemGroup>
    <None Include="Shared.hlsli">
      <Filter>Shaders</Filter>
    </None>
  </ItemGroup>
</Project>